{
  "name": "bandsaw",
  "version": "1.0.0",
  "lockfileVersion": 1,
  "requires": true,
  "dependencies": {
    "cep-spy": {
      "version": "1.3.4",
      "resolved": "https://registry.npmjs.org/cep-spy/-/cep-spy-1.3.4.tgz",
      "integrity": "sha512-I8wzpVl7C5IAKF7HwYD8a2u6EVIQxzGfSpbrsT5dxX4hNTvtBtz+81zA9uVUywSI5VlkpXPS10dx27X4X5+8IQ=="
    },
    "cluecumber": {
      "version": "0.0.8",
      "resolved": "https://registry.npmjs.org/cluecumber/-/cluecumber-0.0.8.tgz",
      "integrity": "sha512-WyhxYm37E1VtM4qdEAhK+T1LNew+HtvK7yQoFO2kuUWWy4+7+0qdf2nVcRkSEq4vz1UPPMZK1UhHySmxgrO2LQ==",
      "requires": {
        "cep-spy": "^1.1.2"
      }
    }
  }
}
